
Microsoft Visual Studio Solution File, Format Version 12.00
# Visual Studio Version 17
VisualStudioVersion = 17.5.33516.290
MinimumVisualStudioVersion = 10.0.40219.1
Project("{8BC9CEB8-8B4A-11D0-8D11-00A0C91BC942}") = "14주차", "14주차\14주차.vcxproj", "{F8BB39AB-9989-4E78-86A3-EECF1641BF38}"
EndProject
Project("{8BC9CEB8-8B4A-11D0-8D11-00A0C91BC942}") = "Calculator", "Calculator\Calculator.vcxproj", "{416A29B6-53B0-4C89-A02E-C8DF74D213A5}"
EndProject
Global
	GlobalSection(SolutionConfigurationPlatforms) = preSolution
		Debug|x64 = Debug|x64
		Debug|x86 = Debug|x86
		Release|x64 = Release|x64
		Release|x86 = Release|x86
	EndGlobalSection
	GlobalSection(ProjectConfigurationPlatforms) = postSolution
		{F8BB39AB-9989-4E78-86A3-EECF1641BF38}.Debug|x64.ActiveCfg = Debug|x64
		{F8BB39AB-9989-4E78-86A3-EECF1641BF38}.Debug|x64.Build.0 = Debug|x64
		{F8BB39AB-9989-4E78-86A3-EECF1641BF38}.Debug|x86.ActiveCfg = Debug|Win32
		{F8BB39AB-9989-4E78-86A3-EECF1641BF38}.Debug|x86.Build.0 = Debug|Win32
		{F8BB39AB-9989-4E78-86A3-EECF1641BF38}.Release|x64.ActiveCfg = Release|x64
		{F8BB39AB-9989-4E78-86A3-EECF1641BF38}.Release|x64.Build.0 = Release|x64
		{F8BB39AB-9989-4E78-86A3-EECF1641BF38}.Release|x86.ActiveCfg = Release|Win32
		{F8BB39AB-9989-4E78-86A3-EECF1641BF38}.Release|x86.Build.0 = Release|Win32
		{416A29B6-53B0-4C89-A02E-C8DF74D213A5}.Debug|x64.ActiveCfg = Debug|x64
		{416A29B6-53B0-4C89-A02E-C8DF74D213A5}.Debug|x64.Build.0 = Debug|x64
		{416A29B6-53B0-4C89-A02E-C8DF74D213A5}.Debug|x86.ActiveCfg = Debug|Win32
		{416A29B6-53B0-4C89-A02E-C8DF74D213A5}.Debug|x86.Build.0 = Debug|Win32
		{416A29B6-53B0-4C89-A02E-C8DF74D213A5}.Release|x64.ActiveCfg = Release|x64
		{416A29B6-53B0-4C89-A02E-C8DF74D213A5}.Release|x64.Build.0 = Release|x64
		{416A29B6-53B0-4C89-A02E-C8DF74D213A5}.Release|x86.ActiveCfg = Release|Win32
		{416A29B6-53B0-4C89-A02E-C8DF74D213A5}.Release|x86.Build.0 = Release|Win32
	EndGlobalSection
	GlobalSection(SolutionProperties) = preSolution
		HideSolutionNode = FALSE
	EndGlobalSection
	GlobalSection(ExtensibilityGlobals) = postSolution
		SolutionGuid = {85A19035-C781-491F-A6F3-9D8F04DBF079}
	EndGlobalSection
EndGlobal
