
Microsoft Visual Studio Solution File, Format Version 12.00
# Visual Studio Version 17
VisualStudioVersion = 17.5.33516.290
MinimumVisualStudioVersion = 10.0.40219.1
Project("{8BC9CEB8-8B4A-11D0-8D11-00A0C91BC942}") = "3주차", "3주차\3주차.vcxproj", "{AD6D6E5E-C2E3-4957-B22D-55B56CC3A72A}"
EndProject
Global
	GlobalSection(SolutionConfigurationPlatforms) = preSolution
		Debug|x64 = Debug|x64
		Debug|x86 = Debug|x86
		Release|x64 = Release|x64
		Release|x86 = Release|x86
	EndGlobalSection
	GlobalSection(ProjectConfigurationPlatforms) = postSolution
		{AD6D6E5E-C2E3-4957-B22D-55B56CC3A72A}.Debug|x64.ActiveCfg = Debug|x64
		{AD6D6E5E-C2E3-4957-B22D-55B56CC3A72A}.Debug|x64.Build.0 = Debug|x64
		{AD6D6E5E-C2E3-4957-B22D-55B56CC3A72A}.Debug|x86.ActiveCfg = Debug|Win32
		{AD6D6E5E-C2E3-4957-B22D-55B56CC3A72A}.Debug|x86.Build.0 = Debug|Win32
		{AD6D6E5E-C2E3-4957-B22D-55B56CC3A72A}.Release|x64.ActiveCfg = Release|x64
		{AD6D6E5E-C2E3-4957-B22D-55B56CC3A72A}.Release|x64.Build.0 = Release|x64
		{AD6D6E5E-C2E3-4957-B22D-55B56CC3A72A}.Release|x86.ActiveCfg = Release|Win32
		{AD6D6E5E-C2E3-4957-B22D-55B56CC3A72A}.Release|x86.Build.0 = Release|Win32
	EndGlobalSection
	GlobalSection(SolutionProperties) = preSolution
		HideSolutionNode = FALSE
	EndGlobalSection
	GlobalSection(ExtensibilityGlobals) = postSolution
		SolutionGuid = {A8C520E5-B50E-411D-91EE-4B3D67FEA391}
	EndGlobalSection
EndGlobal
